
Microsoft Visual Studio Solution File, Format Version 12.00
# Visual Studio Version 17
VisualStudioVersion = 17.3.32901.215
MinimumVisualStudioVersion = 10.0.40219.1
Project("{FAE04EC0-301F-11D3-BF4B-00C04F79EFBC}") = "RPGProject", "RPGProject.csproj", "{87BFE129-279F-4648-AF3E-304ADB365478}"
EndProject
Global
	GlobalSection(SolutionConfigurationPlatforms) = preSolution
		Debug|Any CPU = Debug|Any CPU
		Release|Any CPU = Release|Any CPU
	EndGlobalSection
	GlobalSection(ProjectConfigurationPlatforms) = postSolution
		{87BFE129-279F-4648-AF3E-304ADB365478}.Debug|Any CPU.ActiveCfg = Debug|Any CPU
		{87BFE129-279F-4648-AF3E-304ADB365478}.Debug|Any CPU.Build.0 = Debug|Any CPU
		{87BFE129-279F-4648-AF3E-304ADB365478}.Release|Any CPU.ActiveCfg = Release|Any CPU
		{87BFE129-279F-4648-AF3E-304ADB365478}.Release|Any CPU.Build.0 = Release|Any CPU
	EndGlobalSection
	GlobalSection(SolutionProperties) = preSolution
		HideSolutionNode = FALSE
	EndGlobalSection
	GlobalSection(ExtensibilityGlobals) = postSolution
		SolutionGuid = {F400453B-9821-4B97-997E-CC8E70B94D0A}
	EndGlobalSection
EndGlobal
